{
  "version": 1,
  "bindings": {
    "framework/knowledge/gnhf-safe-subcommands.md#criterion::framework/scripts/gnhf_guard.py": {
      "direction": "code-is-truth",
      "governs": "framework/scripts/gnhf_guard.py",
      "doc_hash": "sha256:97cb6e47870594939a92cd89f2a174cecfdc9b4e69568beebafa46498726fd10",
      "code_hash": "sha256:e2259a8d6dfc9c06f5a09c84e56e6e7ed5c31af992d94ce92349d279ef5a4c9f",
      "last_verdict": "in-sync",
      "blessed_at": "b0ca09eddf24ffabad94b510d40c1a497b9816b3"
    },
    "framework/knowledge/gnhf-safe-subcommands.md#gnhf-safe-subcommands::framework/scripts/test_gnhf_guard.py": {
      "direction": "code-is-truth",
      "governs": "framework/scripts/test_gnhf_guard.py",
      "doc_hash": "sha256:329bbc1b824f5734bbe4b0ef5676311461ee3858b7939b29cd5f8a4e7dc08e91",
      "code_hash": "sha256:f5910d3c46f4285dcbf1779d0f6491b5d32a06ef5178b24407354ab11ddb5dd5",
      "last_verdict": "in-sync",
      "blessed_at": "b0ca09eddf24ffabad94b510d40c1a497b9816b3"
    },
    "framework/knowledge/handoffs-are-files.md#handoffs-are-files::AGENTS.md": {
      "direction": "code-is-truth",
      "governs": "AGENTS.md",
      "doc_hash": "sha256:ebf98cf3212112947119cf4916579ecb42dc6ff93f86242ab048389592d3114b",
      "code_hash": "sha256:f728ef31cbc690b93b06edce9a72e582058706c51f82f0a1c1a0ff690cdbdc1a",
      "last_verdict": "in-sync",
      "blessed_at": "b0ca09eddf24ffabad94b510d40c1a497b9816b3"
    },
    "framework/knowledge/knowledge-cards-follow-okf.md#knowledge-cards-follow-okf::framework/knowledge/README.md": {
      "direction": "code-is-truth",
      "governs": "framework/knowledge/README.md",
      "doc_hash": "sha256:f858ba7ff6b78814b3ee1082d1d5ad20b4c1592813bd4bfcb9342db21cccc78f",
      "code_hash": "sha256:1f503c21bbe5c7badeeccfcdafc00857fb654becc80b21c464eb64a3b41ac800",
      "last_verdict": "in-sync",
      "blessed_at": "b0ca09eddf24ffabad94b510d40c1a497b9816b3"
    },
    "framework/knowledge/shim-files-point-to-agents-md.md#shim-files-point-to-agents-md::.cursor/rules/agents.mdc": {
      "direction": "code-is-truth",
      "governs": ".cursor/rules/agents.mdc",
      "doc_hash": "sha256:ef27fd5caef0d1ad01fb5f06eece1e9872569c6adee61b4bfd8586368c57f4ed",
      "code_hash": "sha256:8340c672bdc8dd555866482c23c0f842b1b63b531afb5e102c4478ec1b56858d",
      "last_verdict": "in-sync",
      "blessed_at": "b0ca09eddf24ffabad94b510d40c1a497b9816b3"
    },
    "framework/knowledge/shim-files-point-to-agents-md.md#shim-files-point-to-agents-md::.github/copilot-instructions.md": {
      "direction": "code-is-truth",
      "governs": ".github/copilot-instructions.md",
      "doc_hash": "sha256:ef27fd5caef0d1ad01fb5f06eece1e9872569c6adee61b4bfd8586368c57f4ed",
      "code_hash": "sha256:863b8cd838ae28dfba90845c7a65f430c550006ec398f2a94ba961246db433f3",
      "last_verdict": "in-sync",
      "blessed_at": "b0ca09eddf24ffabad94b510d40c1a497b9816b3"
    },
    "framework/knowledge/shim-files-point-to-agents-md.md#shim-files-point-to-agents-md::CLAUDE.md": {
      "direction": "code-is-truth",
      "governs": "CLAUDE.md",
      "doc_hash": "sha256:ef27fd5caef0d1ad01fb5f06eece1e9872569c6adee61b4bfd8586368c57f4ed",
      "code_hash": "sha256:0a536c70b956982e7aff1da09e6ea17c140625401a2b49e0d7c63437abb32c18",
      "last_verdict": "in-sync",
      "blessed_at": "b0ca09eddf24ffabad94b510d40c1a497b9816b3"
    },
    "framework/knowledge/shim-files-point-to-agents-md.md#shim-files-point-to-agents-md::GEMINI.md": {
      "direction": "code-is-truth",
      "governs": "GEMINI.md",
      "doc_hash": "sha256:ef27fd5caef0d1ad01fb5f06eece1e9872569c6adee61b4bfd8586368c57f4ed",
      "code_hash": "sha256:43a6d21097a4f4e889a2760c419854469c0df2cca36c5a0b908cb328ee43ae99",
      "last_verdict": "in-sync",
      "blessed_at": "b0ca09eddf24ffabad94b510d40c1a497b9816b3"
    }
  }
}
