{
  "version": 1,
  "bindings": {
    "framework/knowledge/gnhf-safe-subcommands.md#criterion::framework/scripts/gnhf_guard.py": {
      "direction": "code-is-truth",
      "governs": "framework/scripts/gnhf_guard.py",
      "doc_hash": "sha256:97cb6e47870594939a92cd89f2a174cecfdc9b4e69568beebafa46498726fd10",
      "code_hash": "sha256:74f8e6682b373d81019dc7ccfe452de06389198eaa3e9a9c1255f1e615a5661f",
      "last_verdict": "in-sync",
      "blessed_at": "309730a53d804d7f0a61d98ec4f7d9e69f869d01"
    },
    "framework/knowledge/gnhf-safe-subcommands.md#gnhf-safe-subcommands::framework/scripts/test_gnhf_guard.py": {
      "direction": "code-is-truth",
      "governs": "framework/scripts/test_gnhf_guard.py",
      "doc_hash": "sha256:891b3bb3e658ff5de638e352d531b915fc797923f3567a8cf0b1169de74f38c0",
      "code_hash": "sha256:f5910d3c46f4285dcbf1779d0f6491b5d32a06ef5178b24407354ab11ddb5dd5",
      "last_verdict": "in-sync",
      "blessed_at": "309730a53d804d7f0a61d98ec4f7d9e69f869d01"
    },
    "framework/knowledge/handoffs-are-files.md#handoffs-are-files::AGENTS.md": {
      "direction": "code-is-truth",
      "governs": "AGENTS.md",
      "doc_hash": "sha256:84f39cf2cf31b49a8d60666a8556cbcf2783f35ccdaf16e9c98e3ba0090fe9ba",
      "code_hash": "sha256:44fa3578a45cffbb744f2477dd8cac47ab81f3082fc218f4f76fabef6446deec",
      "last_verdict": "in-sync",
      "blessed_at": "309730a53d804d7f0a61d98ec4f7d9e69f869d01"
    },
    "framework/knowledge/knowledge-cards-follow-okf.md#knowledge-cards-follow-okf::framework/knowledge/README.md": {
      "direction": "code-is-truth",
      "governs": "framework/knowledge/README.md",
      "doc_hash": "sha256:f858ba7ff6b78814b3ee1082d1d5ad20b4c1592813bd4bfcb9342db21cccc78f",
      "code_hash": "sha256:9915abbf8ae130f41d72d35a28fa99954e989e39df33bf4ca913a67588390686",
      "last_verdict": "in-sync",
      "blessed_at": "309730a53d804d7f0a61d98ec4f7d9e69f869d01"
    },
    "framework/knowledge/shim-files-point-to-agents-md.md#shim-files-point-to-agents-md::.cursor/rules/agents.mdc": {
      "direction": "code-is-truth",
      "governs": ".cursor/rules/agents.mdc",
      "doc_hash": "sha256:0bc33a31e4004b1354e29ffdffdd9c44e8d8185b314631c5038d5c5af7b5dd3d",
      "code_hash": "sha256:3cc6787971caf32ce1b4eba053e3036ac3a99bedf5a86f3dfaa7c011546b2ed6",
      "last_verdict": "in-sync",
      "blessed_at": "309730a53d804d7f0a61d98ec4f7d9e69f869d01"
    },
    "framework/knowledge/shim-files-point-to-agents-md.md#shim-files-point-to-agents-md::.github/copilot-instructions.md": {
      "direction": "code-is-truth",
      "governs": ".github/copilot-instructions.md",
      "doc_hash": "sha256:0bc33a31e4004b1354e29ffdffdd9c44e8d8185b314631c5038d5c5af7b5dd3d",
      "code_hash": "sha256:13cb83d3f62e622636b082fc1b544cdacb6cc51ca578c834a6e2a9101bc67a7d",
      "last_verdict": "in-sync",
      "blessed_at": "309730a53d804d7f0a61d98ec4f7d9e69f869d01"
    },
    "framework/knowledge/shim-files-point-to-agents-md.md#shim-files-point-to-agents-md::CLAUDE.md": {
      "direction": "code-is-truth",
      "governs": "CLAUDE.md",
      "doc_hash": "sha256:0bc33a31e4004b1354e29ffdffdd9c44e8d8185b314631c5038d5c5af7b5dd3d",
      "code_hash": "sha256:4ed3a28717b42c1ccb6457c25823de250be8f30cec97b1fae279580e582c8554",
      "last_verdict": "in-sync",
      "blessed_at": "309730a53d804d7f0a61d98ec4f7d9e69f869d01"
    },
    "framework/knowledge/shim-files-point-to-agents-md.md#shim-files-point-to-agents-md::GEMINI.md": {
      "direction": "code-is-truth",
      "governs": "GEMINI.md",
      "doc_hash": "sha256:0bc33a31e4004b1354e29ffdffdd9c44e8d8185b314631c5038d5c5af7b5dd3d",
      "code_hash": "sha256:7fc02a60cdb115edd039ffc0fce1242904573187d0b876c72ad9f7c447aac762",
      "last_verdict": "in-sync",
      "blessed_at": "309730a53d804d7f0a61d98ec4f7d9e69f869d01"
    }
  }
}
